PODS:
  - NMPopUpViewSwift (4.0.2)
  - TesseractOCRiOS (4.0.0)

DEPENDENCIES:
  - NMPopUpViewSwift
  - TesseractOCRiOS (= 4.0.0)

SPEC CHECKSUMS:
  NMPopUpViewSwift: 9a2ea26dd7875804c478eb97bbc41cdab5d25da8
  TesseractOCRiOS: 90638afbe43d082433f2e76b384c7901d23956df

PODFILE CHECKSUM: 35b489e3034676583f305ed00b2fbf9bf268c0e6

COCOAPODS: 1.1.1
