// !$*UTF8*$!
{
	archiveVersion = 1;
	classes = {
	};
	objectVersion = 46;
	objects = {

/* Begin PBXBuildFile section */
		0461E4771E71B17A00A5A026 /* CaemraViewController.swift in Sources */ = {isa = PBXBuildFile; fileRef = 0461E46F1E71B17A00A5A026 /* CaemraViewController.swift */; };
		0461E47A1E71B17A00A5A026 /* ClickButton.swift in Sources */ = {isa = PBXBuildFile; fileRef = 0461E4751E71B17A00A5A026 /* ClickButton.swift */; };
		0461E47B1E71B17A00A5A026 /* TrueFalseViewController.swift in Sources */ = {isa = PBXBuildFile; fileRef = 0461E4761E71B17A00A5A026 /* TrueFalseViewController.swift */; };
		0461E4B41E71B2B600A5A026 /* .gitignore in Resources */ = {isa = PBXBuildFile; fileRef = 0461E47D1E71B2B600A5A026 /* .gitignore */; };
		0461E4B51E71B2B600A5A026 /* LICENSE in Resources */ = {isa = PBXBuildFile; fileRef = 0461E47E1E71B2B600A5A026 /* LICENSE */; };
		0461E4B61E71B2B600A5A026 /* README.md in Sources */ = {isa = PBXBuildFile; fileRef = 0461E47F1E71B2B600A5A026 /* README.md */; };
		0461E4B71E71B2B600A5A026 /* AsyncButton.swift in Sources */ = {isa = PBXBuildFile; fileRef = 0461E4811E71B2B600A5A026 /* AsyncButton.swift */; };
		0461E4B81E71B2B600A5A026 /* AsyncImageView.swift in Sources */ = {isa = PBXBuildFile; fileRef = 0461E4821E71B2B600A5A026 /* AsyncImageView.swift */; };
		0461E4B91E71B2B600A5A026 /* AutoTextView.swift in Sources */ = {isa = PBXBuildFile; fileRef = 0461E4831E71B2B600A5A026 /* AutoTextView.swift */; };
		0461E4BA1E71B2B600A5A026 /* BlurView.swift in Sources */ = {isa = PBXBuildFile; fileRef = 0461E4841E71B2B600A5A026 /* BlurView.swift */; };
		0461E4BB1E71B2B600A5A026 /* DesignableButton.swift in Sources */ = {isa = PBXBuildFile; fileRef = 0461E4851E71B2B600A5A026 /* DesignableButton.swift */; };
		0461E4BC1E71B2B600A5A026 /* DesignableImageView.swift in Sources */ = {isa = PBXBuildFile; fileRef = 0461E4861E71B2B600A5A026 /* DesignableImageView.swift */; };
		0461E4BD1E71B2B600A5A026 /* DesignableLabel.swift in Sources */ = {isa = PBXBuildFile; fileRef = 0461E4871E71B2B600A5A026 /* DesignableLabel.swift */; };
		0461E4BE1E71B2B600A5A026 /* DesignableTabBarController.swift in Sources */ = {isa = PBXBuildFile; fileRef = 0461E4881E71B2B600A5A026 /* DesignableTabBarController.swift */; };
		0461E4BF1E71B2B600A5A026 /* DesignableTextField.swift in Sources */ = {isa = PBXBuildFile; fileRef = 0461E4891E71B2B600A5A026 /* DesignableTextField.swift */; };
		0461E4C01E71B2B600A5A026 /* DesignableTextView.swift in Sources */ = {isa = PBXBuildFile; fileRef = 0461E48A1E71B2B600A5A026 /* DesignableTextView.swift */; };
		0461E4C11E71B2B600A5A026 /* DesignableView.swift in Sources */ = {isa = PBXBuildFile; fileRef = 0461E48B1E71B2B600A5A026 /* DesignableView.swift */; };
		0461E4C21E71B2B600A5A026 /* ImageLoader.swift in Sources */ = {isa = PBXBuildFile; fileRef = 0461E48C1E71B2B600A5A026 /* ImageLoader.swift */; };
		0461E4C31E71B2B600A5A026 /* Info.plist in Resources */ = {isa = PBXBuildFile; fileRef = 0461E48D1E71B2B600A5A026 /* Info.plist */; };
		0461E4C41E71B2B600A5A026 /* KeyboardLayoutConstraint.swift in Sources */ = {isa = PBXBuildFile; fileRef = 0461E48E1E71B2B600A5A026 /* KeyboardLayoutConstraint.swift */; };
		0461E4C51E71B2B600A5A026 /* LoadingView.swift in Sources */ = {isa = PBXBuildFile; fileRef = 0461E48F1E71B2B600A5A026 /* LoadingView.swift */; };
		0461E4C61E71B2B600A5A026 /* LoadingView.xib in Resources */ = {isa = PBXBuildFile; fileRef = 0461E4901E71B2B600A5A026 /* LoadingView.xib */; };
		0461E4C71E71B2B600A5A026 /* Misc.swift in Sources */ = {isa = PBXBuildFile; fileRef = 0461E4911E71B2B600A5A026 /* Misc.swift */; };
		0461E4C81E71B2B600A5A026 /* SoundPlayer.swift in Sources */ = {isa = PBXBuildFile; fileRef = 0461E4921E71B2B600A5A026 /* SoundPlayer.swift */; };
		0461E4C91E71B2B600A5A026 /* Spring.swift in Sources */ = {isa = PBXBuildFile; fileRef = 0461E4941E71B2B600A5A026 /* Spring.swift */; };
		0461E4CA1E71B2B600A5A026 /* SpringAnimation.swift in Sources */ = {isa = PBXBuildFile; fileRef = 0461E4951E71B2B600A5A026 /* SpringAnimation.swift */; };
		0461E4CB1E71B2B600A5A026 /* SpringButton.swift in Sources */ = {isa = PBXBuildFile; fileRef = 0461E4961E71B2B600A5A026 /* SpringButton.swift */; };
		0461E4CC1E71B2B600A5A026 /* SpringImageView.swift in Sources */ = {isa = PBXBuildFile; fileRef = 0461E4971E71B2B600A5A026 /* SpringImageView.swift */; };
		0461E4CD1E71B2B600A5A026 /* SpringLabel.swift in Sources */ = {isa = PBXBuildFile; fileRef = 0461E4981E71B2B600A5A026 /* SpringLabel.swift */; };
		0461E4CE1E71B2B600A5A026 /* SpringTextField.swift in Sources */ = {isa = PBXBuildFile; fileRef = 0461E4991E71B2B600A5A026 /* SpringTextField.swift */; };
		0461E4CF1E71B2B600A5A026 /* SpringTextView.swift in Sources */ = {isa = PBXBuildFile; fileRef = 0461E49A1E71B2B600A5A026 /* SpringTextView.swift */; };
		0461E4D01E71B2B600A5A026 /* SpringView.swift in Sources */ = {isa = PBXBuildFile; fileRef = 0461E49B1E71B2B600A5A026 /* SpringView.swift */; };
		0461E4D11E71B2B600A5A026 /* TransitionManager.swift in Sources */ = {isa = PBXBuildFile; fileRef = 0461E49C1E71B2B600A5A026 /* TransitionManager.swift */; };
		0461E4D21E71B2B600A5A026 /* TransitionZoom.swift in Sources */ = {isa = PBXBuildFile; fileRef = 0461E49D1E71B2B600A5A026 /* TransitionZoom.swift */; };
		0461E4D31E71B2B600A5A026 /* UnwindSegue.swift in Sources */ = {isa = PBXBuildFile; fileRef = 0461E49E1E71B2B600A5A026 /* UnwindSegue.swift */; };
		0461E4EE1E71B31600A5A026 /* ViewCharacter.swift in Sources */ = {isa = PBXBuildFile; fileRef = 0461E4ED1E71B31600A5A026 /* ViewCharacter.swift */; };
		0461E4F01E71B34400A5A026 /* ViewAnswer.swift in Sources */ = {isa = PBXBuildFile; fileRef = 0461E4EF1E71B34400A5A026 /* ViewAnswer.swift */; };
		0461E4F21E71B98700A5A026 /* ShowPopupViewController.swift in Sources */ = {isa = PBXBuildFile; fileRef = 0461E4F11E71B98700A5A026 /* ShowPopupViewController.swift */; };
		04777DA71E72F25F006E481C /* icon_game.png in Resources */ = {isa = PBXBuildFile; fileRef = 04777DA51E72F25F006E481C /* icon_game.png */; };
		04777DA81E72F25F006E481C /* icon_video.png in Resources */ = {isa = PBXBuildFile; fileRef = 04777DA61E72F25F006E481C /* icon_video.png */; };
		04777DAA1E72F566006E481C /* icon_treasure.png in Resources */ = {isa = PBXBuildFile; fileRef = 04777DA91E72F566006E481C /* icon_treasure.png */; };
		04777DAC1E73183E006E481C /* tessdata in Resources */ = {isa = PBXBuildFile; fileRef = 04777DAB1E73183E006E481C /* tessdata */; };
		04777DAE1E732140006E481C /* WriteWordsViewController.swift in Sources */ = {isa = PBXBuildFile; fileRef = 04777DAD1E732140006E481C /* WriteWordsViewController.swift */; };
		04777DB51E732439006E481C /* DAScratchPadView.m in Sources */ = {isa = PBXBuildFile; fileRef = 04777DB41E732439006E481C /* DAScratchPadView.m */; };
		04777DB71E73324A006E481C /* background_navigation.png in Resources */ = {isa = PBXBuildFile; fileRef = 04777DB61E73324A006E481C /* background_navigation.png */; };
		04777DBC1E733C64006E481C /* Candy_Pop!-demo-font.ttf in Resources */ = {isa = PBXBuildFile; fileRef = 04777DBB1E733C64006E481C /* Candy_Pop!-demo-font.ttf */; };
		047AA8601E72CAF40035C06B /* HomeViewController.swift in Sources */ = {isa = PBXBuildFile; fileRef = 047AA85F1E72CAF40035C06B /* HomeViewController.swift */; };
		047AA89E1E72CB4E0035C06B /* background.jpg in Resources */ = {isa = PBXBuildFile; fileRef = 047AA88A1E72CB4E0035C06B /* background.jpg */; };
		047AA89F1E72CB4E0035C06B /* icon_camera.ico in Resources */ = {isa = PBXBuildFile; fileRef = 047AA88B1E72CB4E0035C06B /* icon_camera.ico */; };
		047AA8A01E72CB4E0035C06B /* icon_chosse.png in Resources */ = {isa = PBXBuildFile; fileRef = 047AA88C1E72CB4E0035C06B /* icon_chosse.png */; };
		047AA8A11E72CB4E0035C06B /* icon_chosse_image.png in Resources */ = {isa = PBXBuildFile; fileRef = 047AA88D1E72CB4E0035C06B /* icon_chosse_image.png */; };
		047AA8A21E72CB4E0035C06B /* icon_chosse_text.png in Resources */ = {isa = PBXBuildFile; fileRef = 047AA88E1E72CB4E0035C06B /* icon_chosse_text.png */; };
		047AA8A41E72CB4E0035C06B /* icon_false.png in Resources */ = {isa = PBXBuildFile; fileRef = 047AA8901E72CB4E0035C06B /* icon_false.png */; };
		047AA8A51E72CB4E0035C06B /* icon_flashcard.png in Resources */ = {isa = PBXBuildFile; fileRef = 047AA8911E72CB4E0035C06B /* icon_flashcard.png */; };
		047AA8AA1E72CB4E0035C06B /* icon_speaker.png in Resources */ = {isa = PBXBuildFile; fileRef = 047AA8961E72CB4E0035C06B /* icon_speaker.png */; };
		047AA8AD1E72CB4E0035C06B /* icon_true.png in Resources */ = {isa = PBXBuildFile; fileRef = 047AA8991E72CB4E0035C06B /* icon_true.png */; };
		047AA8AF1E72CB4E0035C06B /* icon_yes_no.png in Resources */ = {isa = PBXBuildFile; fileRef = 047AA89B1E72CB4E0035C06B /* icon_yes_no.png */; };
		047AA8B01E72CB4E0035C06B /* image_fake.jpg in Resources */ = {isa = PBXBuildFile; fileRef = 047AA89C1E72CB4E0035C06B /* image_fake.jpg */; };
		047AA8B31E72CB800035C06B /* icon_home.png in Resources */ = {isa = PBXBuildFile; fileRef = 047AA8B21E72CB800035C06B /* icon_home.png */; };
		047AA8B71E72CF8B0035C06B /* GameWriteViewController.swift in Sources */ = {isa = PBXBuildFile; fileRef = 047AA8B61E72CF8B0035C06B /* GameWriteViewController.swift */; };
		047AA8BB1E72D0A90035C06B /* BaseViewController.swift in Sources */ = {isa = PBXBuildFile; fileRef = 047AA8BA1E72D0A90035C06B /* BaseViewController.swift */; };
		047AA8BD1E72D2590035C06B /* CameraSpeakViewController.swift in Sources */ = {isa = PBXBuildFile; fileRef = 047AA8BC1E72D2590035C06B /* CameraSpeakViewController.swift */; };
		047AA8BF1E72D2F70035C06B /* ProfileViewController.swift in Sources */ = {isa = PBXBuildFile; fileRef = 047AA8BE1E72D2F70035C06B /* ProfileViewController.swift */; };
		047AA8C11E72D31E0035C06B /* ThemeVideoViewController.swift in Sources */ = {isa = PBXBuildFile; fileRef = 047AA8C01E72D31E0035C06B /* ThemeVideoViewController.swift */; };
		047AA8C31E72DF960035C06B /* icon_game_write.png in Resources */ = {isa = PBXBuildFile; fileRef = 047AA8C21E72DF960035C06B /* icon_game_write.png */; };
		047AA8C51E72E27C0035C06B /* icon_truefalse_image.png in Resources */ = {isa = PBXBuildFile; fileRef = 047AA8C41E72E27C0035C06B /* icon_truefalse_image.png */; };
		047AA8C91E72E6E90035C06B /* icon_back.png in Resources */ = {isa = PBXBuildFile; fileRef = 047AA8C81E72E6E90035C06B /* icon_back.png */; };
		047AA8CF1E72E96A0035C06B /* icon_close.png in Resources */ = {isa = PBXBuildFile; fileRef = 047AA8CE1E72E96A0035C06B /* icon_close.png */; };
		047AA8D11E72EA460035C06B /* icon_camera.png in Resources */ = {isa = PBXBuildFile; fileRef = 047AA8D01E72EA460035C06B /* icon_camera.png */; };
		047AA8D61E72EC6C0035C06B /* icon_speak.png in Resources */ = {isa = PBXBuildFile; fileRef = 047AA8D31E72EC6C0035C06B /* icon_speak.png */; };
		047AA8D91E72ED4C0035C06B /* icon_next.png in Resources */ = {isa = PBXBuildFile; fileRef = 047AA8D81E72ED4C0035C06B /* icon_next.png */; };
		047AA8DB1E72EE650035C06B /* icon_edit_profile.png in Resources */ = {isa = PBXBuildFile; fileRef = 047AA8DA1E72EE650035C06B /* icon_edit_profile.png */; };
		047AA8DD1E72EE8B0035C06B /* icon_profile.png in Resources */ = {isa = PBXBuildFile; fileRef = 047AA8DC1E72EE8B0035C06B /* icon_profile.png */; };
		047AA8DF1E72EF610035C06B /* icon_texxt_to_speak.png in Resources */ = {isa = PBXBuildFile; fileRef = 047AA8DE1E72EF610035C06B /* icon_texxt_to_speak.png */; };
		548F9B90F5329E981F190BD9 /* Pods_MapGame.framework in Frameworks */ = {isa = PBXBuildFile; fileRef = FFBEE96B3B580182B97A56D0 /* Pods_MapGame.framework */; };
		AD7D80CA1E6C105300255C42 /* co.jpg in Resources */ = {isa = PBXBuildFile; fileRef = AD7D80C91E6C105300255C42 /* co.jpg */; };
		AD8536571E6D04DB00D8FD7E /* CustomCollectionViewCell.swift in Sources */ = {isa = PBXBuildFile; fileRef = AD8536561E6D04DB00D8FD7E /* CustomCollectionViewCell.swift */; };
		AD8536591E6D08D200D8FD7E /* rock.png in Resources */ = {isa = PBXBuildFile; fileRef = AD8536581E6D08D200D8FD7E /* rock.png */; };
		AD85365B1E6D099700D8FD7E /* question-mark.png in Resources */ = {isa = PBXBuildFile; fileRef = AD85365A1E6D099700D8FD7E /* question-mark.png */; };
		ADDAC3541E6B33BB003DA29B /* AppDelegate.swift in Sources */ = {isa = PBXBuildFile; fileRef = ADDAC3531E6B33BB003DA29B /* AppDelegate.swift */; };
		ADDAC3561E6B33BB003DA29B /* ViewController.swift in Sources */ = {isa = PBXBuildFile; fileRef = ADDAC3551E6B33BB003DA29B /* ViewController.swift */; };
		ADDAC3591E6B33BB003DA29B /* Main.storyboard in Resources */ = {isa = PBXBuildFile; fileRef = ADDAC3571E6B33BB003DA29B /* Main.storyboard */; };
		ADDAC35B1E6B33BB003DA29B /* Assets.xcassets in Resources */ = {isa = PBXBuildFile; fileRef = ADDAC35A1E6B33BB003DA29B /* Assets.xcassets */; };
		ADDAC35E1E6B33BB003DA29B /* LaunchScreen.storyboard in Resources */ = {isa = PBXBuildFile; fileRef = ADDAC35C1E6B33BB003DA29B /* LaunchScreen.storyboard */; };
		ADDAC3691E6B33BB003DA29B /* MapGameTests.swift in Sources */ = {isa = PBXBuildFile; fileRef = ADDAC3681E6B33BB003DA29B /* MapGameTests.swift */; };
		ADDAC3741E6B33BB003DA29B /* MapGameUITests.swift in Sources */ = {isa = PBXBuildFile; fileRef = ADDAC3731E6B33BB003DA29B /* MapGameUITests.swift */; };
/* End PBXBuildFile section */

/* Begin PBXContainerItemProxy section */
		ADDAC3651E6B33BB003DA29B /* PBXContainerItemProxy */ = {
			isa = PBXContainerItemProxy;
			containerPortal = ADDAC3481E6B33BA003DA29B /* Project object */;
			proxyType = 1;
			remoteGlobalIDString = ADDAC34F1E6B33BA003DA29B;
			remoteInfo = MapGame;
		};
		ADDAC3701E6B33BB003DA29B /* PBXContainerItemProxy */ = {
			isa = PBXContainerItemProxy;
			containerPortal = ADDAC3481E6B33BA003DA29B /* Project object */;
			proxyType = 1;
			remoteGlobalIDString = ADDAC34F1E6B33BA003DA29B;
			remoteInfo = MapGame;
		};
/* End PBXContainerItemProxy section */

/* Begin PBXFileReference section */
		0461E46F1E71B17A00A5A026 /* CaemraViewController.swift */ = {isa = PBXFileReference; fileEncoding = 4; lastKnownFileType = sourcecode.swift; path = CaemraViewController.swift; sourceTree = "<group>"; };
		0461E4751E71B17A00A5A026 /* ClickButton.swift */ = {isa = PBXFileReference; fileEncoding = 4; lastKnownFileType = sourcecode.swift; path = ClickButton.swift; sourceTree = "<group>"; };
		0461E4761E71B17A00A5A026 /* TrueFalseViewController.swift */ = {isa = PBXFileReference; fileEncoding = 4; lastKnownFileType = sourcecode.swift; path = TrueFalseViewController.swift; sourceTree = "<group>"; };
		0461E47D1E71B2B600A5A026 /* .gitignore */ = {isa = PBXFileReference; fileEncoding = 4; lastKnownFileType = text; path = .gitignore; sourceTree = "<group>"; };
		0461E47E1E71B2B600A5A026 /* LICENSE */ = {isa = PBXFileReference; fileEncoding = 4; lastKnownFileType = text; path = LICENSE; sourceTree = "<group>"; };
		0461E47F1E71B2B600A5A026 /* README.md */ = {isa = PBXFileReference; fileEncoding = 4; lastKnownFileType = net.daringfireball.markdown; path = README.md; sourceTree = "<group>"; };
		0461E4811E71B2B600A5A026 /* AsyncButton.swift */ = {isa = PBXFileReference; fileEncoding = 4; lastKnownFileType = sourcecode.swift; path = AsyncButton.swift; sourceTree = "<group>"; };
		0461E4821E71B2B600A5A026 /* AsyncImageView.swift */ = {isa = PBXFileReference; fileEncoding = 4; lastKnownFileType = sourcecode.swift; path = AsyncImageView.swift; sourceTree = "<group>"; };
		0461E4831E71B2B600A5A026 /* AutoTextView.swift */ = {isa = PBXFileReference; fileEncoding = 4; lastKnownFileType = sourcecode.swift; path = AutoTextView.swift; sourceTree = "<group>"; };
		0461E4841E71B2B600A5A026 /* BlurView.swift */ = {isa = PBXFileReference; fileEncoding = 4; lastKnownFileType = sourcecode.swift; path = BlurView.swift; sourceTree = "<group>"; };
		0461E4851E71B2B600A5A026 /* DesignableButton.swift */ = {isa = PBXFileReference; fileEncoding = 4; lastKnownFileType = sourcecode.swift; path = DesignableButton.swift; sourceTree = "<group>"; };
		0461E4861E71B2B600A5A026 /* DesignableImageView.swift */ = {isa = PBXFileReference; fileEncoding = 4; lastKnownFileType = sourcecode.swift; path = DesignableImageView.swift; sourceTree = "<group>"; };
		0461E4871E71B2B600A5A026 /* DesignableLabel.swift */ = {isa = PBXFileReference; fileEncoding = 4; lastKnownFileType = sourcecode.swift; path = DesignableLabel.swift; sourceTree = "<group>"; };
		0461E4881E71B2B600A5A026 /* DesignableTabBarController.swift */ = {isa = PBXFileReference; fileEncoding = 4; lastKnownFileType = sourcecode.swift; path = DesignableTabBarController.swift; sourceTree = "<group>"; };
		0461E4891E71B2B600A5A026 /* DesignableTextField.swift */ = {isa = PBXFileReference; fileEncoding = 4; lastKnownFileType = sourcecode.swift; path = DesignableTextField.swift; sourceTree = "<group>"; };
		0461E48A1E71B2B600A5A026 /* DesignableTextView.swift */ = {isa = PBXFileReference; fileEncoding = 4; lastKnownFileType = sourcecode.swift; path = DesignableTextView.swift; sourceTree = "<group>"; };
		0461E48B1E71B2B600A5A026 /* DesignableView.swift */ = {isa = PBXFileReference; fileEncoding = 4; lastKnownFileType = sourcecode.swift; path = DesignableView.swift; sourceTree = "<group>"; };
		0461E48C1E71B2B600A5A026 /* ImageLoader.swift */ = {isa = PBXFileReference; fileEncoding = 4; lastKnownFileType = sourcecode.swift; path = ImageLoader.swift; sourceTree = "<group>"; };
		0461E48D1E71B2B600A5A026 /* Info.plist */ = {isa = PBXFileReference; fileEncoding = 4; lastKnownFileType = text.plist.xml; path = Info.plist; sourceTree = "<group>"; };
		0461E48E1E71B2B600A5A026 /* KeyboardLayoutConstraint.swift */ = {isa = PBXFileReference; fileEncoding = 4; lastKnownFileType = sourcecode.swift; path = KeyboardLayoutConstraint.swift; sourceTree = "<group>"; };
		0461E48F1E71B2B600A5A026 /* LoadingView.swift */ = {isa = PBXFileReference; fileEncoding = 4; lastKnownFileType = sourcecode.swift; path = LoadingView.swift; sourceTree = "<group>"; };
		0461E4901E71B2B600A5A026 /* LoadingView.xib */ = {isa = PBXFileReference; fileEncoding = 4; lastKnownFileType = file.xib; path = LoadingView.xib; sourceTree = "<group>"; };
		0461E4911E71B2B600A5A026 /* Misc.swift */ = {isa = PBXFileReference; fileEncoding = 4; lastKnownFileType = sourcecode.swift; path = Misc.swift; sourceTree = "<group>"; };
		0461E4921E71B2B600A5A026 /* SoundPlayer.swift */ = {isa = PBXFileReference; fileEncoding = 4; lastKnownFileType = sourcecode.swift; path = SoundPlayer.swift; sourceTree = "<group>"; };
		0461E4931E71B2B600A5A026 /* Spring.h */ = {isa = PBXFileReference; fileEncoding = 4; lastKnownFileType = sourcecode.c.h; path = Spring.h; sourceTree = "<group>"; };
		0461E4941E71B2B600A5A026 /* Spring.swift */ = {isa = PBXFileReference; fileEncoding = 4; lastKnownFileType = sourcecode.swift; path = Spring.swift; sourceTree = "<group>"; };
		0461E4951E71B2B600A5A026 /* SpringAnimation.swift */ = {isa = PBXFileReference; fileEncoding = 4; lastKnownFileType = sourcecode.swift; path = SpringAnimation.swift; sourceTree = "<group>"; };
		0461E4961E71B2B600A5A026 /* SpringButton.swift */ = {isa = PBXFileReference; fileEncoding = 4; lastKnownFileType = sourcecode.swift; path = SpringButton.swift; sourceTree = "<group>"; };
		0461E4971E71B2B600A5A026 /* SpringImageView.swift */ = {isa = PBXFileReference; fileEncoding = 4; lastKnownFileType = sourcecode.swift; path = SpringImageView.swift; sourceTree = "<group>"; };
		0461E4981E71B2B600A5A026 /* SpringLabel.swift */ = {isa = PBXFileReference; fileEncoding = 4; lastKnownFileType = sourcecode.swift; path = SpringLabel.swift; sourceTree = "<group>"; };
		0461E4991E71B2B600A5A026 /* SpringTextField.swift */ = {isa = PBXFileReference; fileEncoding = 4; lastKnownFileType = sourcecode.swift; path = SpringTextField.swift; sourceTree = "<group>"; };
		0461E49A1E71B2B600A5A026 /* SpringTextView.swift */ = {isa = PBXFileReference; fileEncoding = 4; lastKnownFileType = sourcecode.swift; path = SpringTextView.swift; sourceTree = "<group>"; };
		0461E49B1E71B2B600A5A026 /* SpringView.swift */ = {isa = PBXFileReference; fileEncoding = 4; lastKnownFileType = sourcecode.swift; path = SpringView.swift; sourceTree = "<group>"; };
		0461E49C1E71B2B600A5A026 /* TransitionManager.swift */ = {isa = PBXFileReference; fileEncoding = 4; lastKnownFileType = sourcecode.swift; path = TransitionManager.swift; sourceTree = "<group>"; };
		0461E49D1E71B2B600A5A026 /* TransitionZoom.swift */ = {isa = PBXFileReference; fileEncoding = 4; lastKnownFileType = sourcecode.swift; path = TransitionZoom.swift; sourceTree = "<group>"; };
		0461E49E1E71B2B600A5A026 /* UnwindSegue.swift */ = {isa = PBXFileReference; fileEncoding = 4; lastKnownFileType = sourcecode.swift; path = UnwindSegue.swift; sourceTree = "<group>"; };
		0461E4ED1E71B31600A5A026 /* ViewCharacter.swift */ = {isa = PBXFileReference; fileEncoding = 4; lastKnownFileType = sourcecode.swift; path = ViewCharacter.swift; sourceTree = "<group>"; };
		0461E4EF1E71B34400A5A026 /* ViewAnswer.swift */ = {isa = PBXFileReference; fileEncoding = 4; lastKnownFileType = sourcecode.swift; path = ViewAnswer.swift; sourceTree = "<group>"; };
		0461E4F11E71B98700A5A026 /* ShowPopupViewController.swift */ = {isa = PBXFileReference; fileEncoding = 4; lastKnownFileType = sourcecode.swift; path = ShowPopupViewController.swift; sourceTree = "<group>"; };
		04777DA51E72F25F006E481C /* icon_game.png */ = {isa = PBXFileReference; lastKnownFileType = image.png; path = icon_game.png; sourceTree = "<group>"; };
		04777DA61E72F25F006E481C /* icon_video.png */ = {isa = PBXFileReference; lastKnownFileType = image.png; path = icon_video.png; sourceTree = "<group>"; };
		04777DA91E72F566006E481C /* icon_treasure.png */ = {isa = PBXFileReference; lastKnownFileType = image.png; path = icon_treasure.png; sourceTree = "<group>"; };
		04777DAB1E73183E006E481C /* tessdata */ = {isa = PBXFileReference; lastKnownFileType = folder; path = tessdata; sourceTree = "<group>"; };
		04777DAD1E732140006E481C /* WriteWordsViewController.swift */ = {isa = PBXFileReference; fileEncoding = 4; lastKnownFileType = sourcecode.swift; path = WriteWordsViewController.swift; sourceTree = "<group>"; };
		04777DAF1E7323DB006E481C /* MapGame-Bridging-Header.h */ = {isa = PBXFileReference; lastKnownFileType = sourcecode.c.h; path = "MapGame-Bridging-Header.h"; sourceTree = "<group>"; };
		04777DB31E732439006E481C /* DAScratchPadView.h */ = {isa = PBXFileReference; fileEncoding = 4; lastKnownFileType = sourcecode.c.h; path = DAScratchPadView.h; sourceTree = "<group>"; };
		04777DB41E732439006E481C /* DAScratchPadView.m */ = {isa = PBXFileReference; fileEncoding = 4; lastKnownFileType = sourcecode.c.objc; path = DAScratchPadView.m; sourceTree = "<group>"; };
		04777DB61E73324A006E481C /* background_navigation.png */ = {isa = PBXFileReference; lastKnownFileType = image.png; path = background_navigation.png; sourceTree = "<group>"; };
		04777DB91E733BBF006E481C /* Patchwork Stitchlings Color.ttf */ = {isa = PBXFileReference; lastKnownFileType = file; path = "Patchwork Stitchlings Color.ttf"; sourceTree = "<group>"; };
		04777DBA1E733BBF006E481C /* Patchwork Stitchlings.ttf */ = {isa = PBXFileReference; lastKnownFileType = file; path = "Patchwork Stitchlings.ttf"; sourceTree = "<group>"; };
		04777DBB1E733C64006E481C /* Candy_Pop!-demo-font.ttf */ = {isa = PBXFileReference; lastKnownFileType = file; path = "Candy_Pop!-demo-font.ttf"; sourceTree = "<group>"; };
		04777DBD1E733D86006E481C /* Roundish Toons.ttf */ = {isa = PBXFileReference; lastKnownFileType = file; path = "Roundish Toons.ttf"; sourceTree = "<group>"; };
		047AA85F1E72CAF40035C06B /* HomeViewController.swift */ = {isa = PBXFileReference; fileEncoding = 4; lastKnownFileType = sourcecode.swift; path = HomeViewController.swift; sourceTree = "<group>"; };
		047AA88A1E72CB4E0035C06B /* background.jpg */ = {isa = PBXFileReference; lastKnownFileType = image.jpeg; path = background.jpg; sourceTree = "<group>"; };
		047AA88B1E72CB4E0035C06B /* icon_camera.ico */ = {isa = PBXFileReference; lastKnownFileType = image.ico; path = icon_camera.ico; sourceTree = "<group>"; };
		047AA88C1E72CB4E0035C06B /* icon_chosse.png */ = {isa = PBXFileReference; lastKnownFileType = image.png; path = icon_chosse.png; sourceTree = "<group>"; };
		047AA88D1E72CB4E0035C06B /* icon_chosse_image.png */ = {isa = PBXFileReference; lastKnownFileType = image.png; path = icon_chosse_image.png; sourceTree = "<group>"; };
		047AA88E1E72CB4E0035C06B /* icon_chosse_text.png */ = {isa = PBXFileReference; lastKnownFileType = image.png; path = icon_chosse_text.png; sourceTree = "<group>"; };
		047AA8901E72CB4E0035C06B /* icon_false.png */ = {isa = PBXFileReference; lastKnownFileType = image.png; path = icon_false.png; sourceTree = "<group>"; };
		047AA8911E72CB4E0035C06B /* icon_flashcard.png */ = {isa = PBXFileReference; lastKnownFileType = image.png; path = icon_flashcard.png; sourceTree = "<group>"; };
		047AA8961E72CB4E0035C06B /* icon_speaker.png */ = {isa = PBXFileReference; lastKnownFileType = image.png; path = icon_speaker.png; sourceTree = "<group>"; };
		047AA8991E72CB4E0035C06B /* icon_true.png */ = {isa = PBXFileReference; lastKnownFileType = image.png; path = icon_true.png; sourceTree = "<group>"; };
		047AA89B1E72CB4E0035C06B /* icon_yes_no.png */ = {isa = PBXFileReference; lastKnownFileType = image.png; path = icon_yes_no.png; sourceTree = "<group>"; };
		047AA89C1E72CB4E0035C06B /* image_fake.jpg */ = {isa = PBXFileReference; lastKnownFileType = image.jpeg; path = image_fake.jpg; sourceTree = "<group>"; };
		047AA8B21E72CB800035C06B /* icon_home.png */ = {isa = PBXFileReference; lastKnownFileType = image.png; path = icon_home.png; sourceTree = "<group>"; };
		047AA8B61E72CF8B0035C06B /* GameWriteViewController.swift */ = {isa = PBXFileReference; fileEncoding = 4; lastKnownFileType = sourcecode.swift; path = GameWriteViewController.swift; sourceTree = "<group>"; };
		047AA8BA1E72D0A90035C06B /* BaseViewController.swift */ = {isa = PBXFileReference; fileEncoding = 4; lastKnownFileType = sourcecode.swift; path = BaseViewController.swift; sourceTree = "<group>"; };
		047AA8BC1E72D2590035C06B /* CameraSpeakViewController.swift */ = {isa = PBXFileReference; fileEncoding = 4; lastKnownFileType = sourcecode.swift; path = CameraSpeakViewController.swift; sourceTree = "<group>"; };
		047AA8BE1E72D2F70035C06B /* ProfileViewController.swift */ = {isa = PBXFileReference; fileEncoding = 4; lastKnownFileType = sourcecode.swift; path = ProfileViewController.swift; sourceTree = "<group>"; };
		047AA8C01E72D31E0035C06B /* ThemeVideoViewController.swift */ = {isa = PBXFileReference; fileEncoding = 4; lastKnownFileType = sourcecode.swift; path = ThemeVideoViewController.swift; sourceTree = "<group>"; };
		047AA8C21E72DF960035C06B /* icon_game_write.png */ = {isa = PBXFileReference; lastKnownFileType = image.png; path = icon_game_write.png; sourceTree = "<group>"; };
		047AA8C41E72E27C0035C06B /* icon_truefalse_image.png */ = {isa = PBXFileReference; lastKnownFileType = image.png; path = icon_truefalse_image.png; sourceTree = "<group>"; };
		047AA8C81E72E6E90035C06B /* icon_back.png */ = {isa = PBXFileReference; lastKnownFileType = image.png; path = icon_back.png; sourceTree = "<group>"; };
		047AA8CE1E72E96A0035C06B /* icon_close.png */ = {isa = PBXFileReference; lastKnownFileType = image.png; path = icon_close.png; sourceTree = "<group>"; };
		047AA8D01E72EA460035C06B /* icon_camera.png */ = {isa = PBXFileReference; lastKnownFileType = image.png; path = icon_camera.png; sourceTree = "<group>"; };
		047AA8D31E72EC6C0035C06B /* icon_speak.png */ = {isa = PBXFileReference; lastKnownFileType = image.png; path = icon_speak.png; sourceTree = "<group>"; };
		047AA8D81E72ED4C0035C06B /* icon_next.png */ = {isa = PBXFileReference; lastKnownFileType = image.png; path = icon_next.png; sourceTree = "<group>"; };
		047AA8DA1E72EE650035C06B /* icon_edit_profile.png */ = {isa = PBXFileReference; lastKnownFileType = image.png; path = icon_edit_profile.png; sourceTree = "<group>"; };
		047AA8DC1E72EE8B0035C06B /* icon_profile.png */ = {isa = PBXFileReference; lastKnownFileType = image.png; path = icon_profile.png; sourceTree = "<group>"; };
		047AA8DE1E72EF610035C06B /* icon_texxt_to_speak.png */ = {isa = PBXFileReference; lastKnownFileType = image.png; path = icon_texxt_to_speak.png; sourceTree = "<group>"; };
		76588B8CB5427B02E6C47F57 /* Pods-MapGame.release.xcconfig */ = {isa = PBXFileReference; includeInIndex = 1; lastKnownFileType = text.xcconfig; name = "Pods-MapGame.release.xcconfig"; path = "Pods/Target Support Files/Pods-MapGame/Pods-MapGame.release.xcconfig"; sourceTree = "<group>"; };
		AD7D80C91E6C105300255C42 /* co.jpg */ = {isa = PBXFileReference; lastKnownFileType = image.jpeg; path = co.jpg; sourceTree = "<group>"; };
		AD8536561E6D04DB00D8FD7E /* CustomCollectionViewCell.swift */ = {isa = PBXFileReference; fileEncoding = 4; lastKnownFileType = sourcecode.swift; path = CustomCollectionViewCell.swift; sourceTree = "<group>"; };
		AD8536581E6D08D200D8FD7E /* rock.png */ = {isa = PBXFileReference; lastKnownFileType = image.png; name = rock.png; path = ../rock.png; sourceTree = "<group>"; };
		AD85365A1E6D099700D8FD7E /* question-mark.png */ = {isa = PBXFileReference; lastKnownFileType = image.png; path = "question-mark.png"; sourceTree = "<group>"; };
		ADDAC3501E6B33BB003DA29B /* MapGame.app */ = {isa = PBXFileReference; explicitFileType = wrapper.application; includeInIndex = 0; path = MapGame.app; sourceTree = BUILT_PRODUCTS_DIR; };
		ADDAC3531E6B33BB003DA29B /* AppDelegate.swift */ = {isa = PBXFileReference; lastKnownFileType = sourcecode.swift; path = AppDelegate.swift; sourceTree = "<group>"; };
		ADDAC3551E6B33BB003DA29B /* ViewController.swift */ = {isa = PBXFileReference; lastKnownFileType = sourcecode.swift; path = ViewController.swift; sourceTree = "<group>"; };
		ADDAC3581E6B33BB003DA29B /* Base */ = {isa = PBXFileReference; lastKnownFileType = file.storyboard; name = Base; path = Base.lproj/Main.storyboard; sourceTree = "<group>"; };
		ADDAC35A1E6B33BB003DA29B /* Assets.xcassets */ = {isa = PBXFileReference; lastKnownFileType = folder.assetcatalog; path = Assets.xcassets; sourceTree = "<group>"; };
		ADDAC35D1E6B33BB003DA29B /* Base */ = {isa = PBXFileReference; lastKnownFileType = file.storyboard; name = Base; path = Base.lproj/LaunchScreen.storyboard; sourceTree = "<group>"; };
		ADDAC35F1E6B33BB003DA29B /* Info.plist */ = {isa = PBXFileReference; lastKnownFileType = text.plist.xml; path = Info.plist; sourceTree = "<group>"; };
		ADDAC3641E6B33BB003DA29B /* MapGameTests.xctest */ = {isa = PBXFileReference; explicitFileType = wrapper.cfbundle; includeInIndex = 0; path = MapGameTests.xctest; sourceTree = BUILT_PRODUCTS_DIR; };
		ADDAC3681E6B33BB003DA29B /* MapGameTests.swift */ = {isa = PBXFileReference; lastKnownFileType = sourcecode.swift; path = MapGameTests.swift; sourceTree = "<group>"; };
		ADDAC36A1E6B33BB003DA29B /* Info.plist */ = {isa = PBXFileReference; lastKnownFileType = text.plist.xml; path = Info.plist; sourceTree = "<group>"; };
		ADDAC36F1E6B33BB003DA29B /* MapGameUITests.xctest */ = {isa = PBXFileReference; explicitFileType = wrapper.cfbundle; includeInIndex = 0; path = MapGameUITests.xctest; sourceTree = BUILT_PRODUCTS_DIR; };
		ADDAC3731E6B33BB003DA29B /* MapGameUITests.swift */ = {isa = PBXFileReference; lastKnownFileType = sourcecode.swift; path = MapGameUITests.swift; sourceTree = "<group>"; };
		ADDAC3751E6B33BB003DA29B /* Info.plist */ = {isa = PBXFileReference; lastKnownFileType = text.plist.xml; path = Info.plist; sourceTree = "<group>"; };
		B3EA5ABC58AFA2AF3656D12E /* Pods-MapGame.debug.xcconfig */ = {isa = PBXFileReference; includeInIndex = 1; lastKnownFileType = text.xcconfig; name = "Pods-MapGame.debug.xcconfig"; path = "Pods/Target Support Files/Pods-MapGame/Pods-MapGame.debug.xcconfig"; sourceTree = "<group>"; };
		FFBEE96B3B580182B97A56D0 /* Pods_MapGame.framework */ = {isa = PBXFileReference; explicitFileType = wrapper.framework; includeInIndex = 0; path = Pods_MapGame.framework; sourceTree = BUILT_PRODUCTS_DIR; };
/* End PBXFileReference section */

/* Begin PBXFrameworksBuildPhase section */
		ADDAC34D1E6B33BA003DA29B /* Frameworks */ = {
			isa = PBXFrameworksBuildPhase;
			buildActionMask = 2147483647;
			files = (
				548F9B90F5329E981F190BD9 /* Pods_MapGame.framework in Frameworks */,
			);
			runOnlyForDeploymentPostprocessing = 0;
		};
		ADDAC3611E6B33BB003DA29B /* Frameworks */ = {
			isa = PBXFrameworksBuildPhase;
			buildActionMask = 2147483647;
			files = (
			);
			runOnlyForDeploymentPostprocessing = 0;
		};
		ADDAC36C1E6B33BB003DA29B /* Frameworks */ = {
			isa = PBXFrameworksBuildPhase;
			buildActionMask = 2147483647;
			files = (
			);
			runOnlyForDeploymentPostprocessing = 0;
		};
/* End PBXFrameworksBuildPhase section */

/* Begin PBXGroup section */
		0461E4681E71B09100A5A026 /* Files */ = {
			isa = PBXGroup;
			children = (
				04777DB81E733BB1006E481C /* Font */,
				047AA8891E72CB4E0035C06B /* icon */,
			);
			name = Files;
			sourceTree = "<group>";
		};
		0461E4691E71B09D00A5A026 /* Views */ = {
			isa = PBXGroup;
			children = (
				0461E47C1E71B2B600A5A026 /* Spring */,
				0461E46E1E71B17A00A5A026 /* Camera */,
				0461E4741E71B17A00A5A026 /* TestTrueFalse */,
				047AA85F1E72CAF40035C06B /* HomeViewController.swift */,
				047AA8BC1E72D2590035C06B /* CameraSpeakViewController.swift */,
				047AA8B61E72CF8B0035C06B /* GameWriteViewController.swift */,
				047AA8C01E72D31E0035C06B /* ThemeVideoViewController.swift */,
				047AA8BE1E72D2F70035C06B /* ProfileViewController.swift */,
				ADDAC3551E6B33BB003DA29B /* ViewController.swift */,
				04777DAD1E732140006E481C /* WriteWordsViewController.swift */,
			);
			name = Views;
			sourceTree = "<group>";
		};
		0461E46A1E71B0AC00A5A026 /* Common */ = {
			isa = PBXGroup;
			children = (
				0461E4F11E71B98700A5A026 /* ShowPopupViewController.swift */,
				047AA8BA1E72D0A90035C06B /* BaseViewController.swift */,
				04777DB31E732439006E481C /* DAScratchPadView.h */,
				04777DB41E732439006E481C /* DAScratchPadView.m */,
			);
			name = Common;
			sourceTree = "<group>";
		};
		0461E46B1E71B0B700A5A026 /* Domain */ = {
			isa = PBXGroup;
			children = (
			);
			name = Domain;
			sourceTree = "<group>";
		};
		0461E46D1E71B0F500A5A026 /* Database */ = {
			isa = PBXGroup;
			children = (
			);
			name = Database;
			sourceTree = "<group>";
		};
		0461E46E1E71B17A00A5A026 /* Camera */ = {
			isa = PBXGroup;
			children = (
				0461E46F1E71B17A00A5A026 /* CaemraViewController.swift */,
			);
			path = Camera;
			sourceTree = "<group>";
		};
		0461E4741E71B17A00A5A026 /* TestTrueFalse */ = {
			isa = PBXGroup;
			children = (
				0461E4751E71B17A00A5A026 /* ClickButton.swift */,
				0461E4761E71B17A00A5A026 /* TrueFalseViewController.swift */,
			);
			path = TestTrueFalse;
			sourceTree = "<group>";
		};
		0461E47C1E71B2B600A5A026 /* Spring */ = {
			isa = PBXGroup;
			children = (
				0461E4EF1E71B34400A5A026 /* ViewAnswer.swift */,
				0461E4ED1E71B31600A5A026 /* ViewCharacter.swift */,
				0461E47D1E71B2B600A5A026 /* .gitignore */,
				0461E47E1E71B2B600A5A026 /* LICENSE */,
				0461E47F1E71B2B600A5A026 /* README.md */,
				0461E4801E71B2B600A5A026 /* Spring */,
			);
			path = Spring;
			sourceTree = "<group>";
		};
		0461E4801E71B2B600A5A026 /* Spring */ = {
			isa = PBXGroup;
			children = (
				0461E4811E71B2B600A5A026 /* AsyncButton.swift */,
				0461E4821E71B2B600A5A026 /* AsyncImageView.swift */,
				0461E4831E71B2B600A5A026 /* AutoTextView.swift */,
				0461E4841E71B2B600A5A026 /* BlurView.swift */,
				0461E4851E71B2B600A5A026 /* DesignableButton.swift */,
				0461E4861E71B2B600A5A026 /* DesignableImageView.swift */,
				0461E4871E71B2B600A5A026 /* DesignableLabel.swift */,
				0461E4881E71B2B600A5A026 /* DesignableTabBarController.swift */,
				0461E4891E71B2B600A5A026 /* DesignableTextField.swift */,
				0461E48A1E71B2B600A5A026 /* DesignableTextView.swift */,
				0461E48B1E71B2B600A5A026 /* DesignableView.swift */,
				0461E48C1E71B2B600A5A026 /* ImageLoader.swift */,
				0461E48D1E71B2B600A5A026 /* Info.plist */,
				0461E48E1E71B2B600A5A026 /* KeyboardLayoutConstraint.swift */,
				0461E48F1E71B2B600A5A026 /* LoadingView.swift */,
				0461E4901E71B2B600A5A026 /* LoadingView.xib */,
				0461E4911E71B2B600A5A026 /* Misc.swift */,
				0461E4921E71B2B600A5A026 /* SoundPlayer.swift */,
				0461E4931E71B2B600A5A026 /* Spring.h */,
				0461E4941E71B2B600A5A026 /* Spring.swift */,
				0461E4951E71B2B600A5A026 /* SpringAnimation.swift */,
				0461E4961E71B2B600A5A026 /* SpringButton.swift */,
				0461E4971E71B2B600A5A026 /* SpringImageView.swift */,
				0461E4981E71B2B600A5A026 /* SpringLabel.swift */,
				0461E4991E71B2B600A5A026 /* SpringTextField.swift */,
				0461E49A1E71B2B600A5A026 /* SpringTextView.swift */,
				0461E49B1E71B2B600A5A026 /* SpringView.swift */,
				0461E49C1E71B2B600A5A026 /* TransitionManager.swift */,
				0461E49D1E71B2B600A5A026 /* TransitionZoom.swift */,
				0461E49E1E71B2B600A5A026 /* UnwindSegue.swift */,
			);
			path = Spring;
			sourceTree = "<group>";
		};
		04777DB81E733BB1006E481C /* Font */ = {
			isa = PBXGroup;
			children = (
				04777DB91E733BBF006E481C /* Patchwork Stitchlings Color.ttf */,
				04777DBA1E733BBF006E481C /* Patchwork Stitchlings.ttf */,
				04777DBD1E733D86006E481C /* Roundish Toons.ttf */,
				04777DBB1E733C64006E481C /* Candy_Pop!-demo-font.ttf */,
			);
			name = Font;
			sourceTree = "<group>";
		};
		047AA8891E72CB4E0035C06B /* icon */ = {
			isa = PBXGroup;
			children = (
				047AA8C21E72DF960035C06B /* icon_game_write.png */,
				047AA8C41E72E27C0035C06B /* icon_truefalse_image.png */,
				04777DB61E73324A006E481C /* background_navigation.png */,
				047AA88A1E72CB4E0035C06B /* background.jpg */,
				047AA88B1E72CB4E0035C06B /* icon_camera.ico */,
				047AA88C1E72CB4E0035C06B /* icon_chosse.png */,
				04777DA91E72F566006E481C /* icon_treasure.png */,
				047AA8B21E72CB800035C06B /* icon_home.png */,
				047AA88D1E72CB4E0035C06B /* icon_chosse_image.png */,
				047AA8D01E72EA460035C06B /* icon_camera.png */,
				047AA8DA1E72EE650035C06B /* icon_edit_profile.png */,
				047AA8D81E72ED4C0035C06B /* icon_next.png */,
				047AA8D31E72EC6C0035C06B /* icon_speak.png */,
				047AA8DE1E72EF610035C06B /* icon_texxt_to_speak.png */,
				047AA8CE1E72E96A0035C06B /* icon_close.png */,
				047AA88E1E72CB4E0035C06B /* icon_chosse_text.png */,
				047AA8901E72CB4E0035C06B /* icon_false.png */,
				04777DA51E72F25F006E481C /* icon_game.png */,
				04777DA61E72F25F006E481C /* icon_video.png */,
				047AA8DC1E72EE8B0035C06B /* icon_profile.png */,
				047AA8911E72CB4E0035C06B /* icon_flashcard.png */,
				047AA8C81E72E6E90035C06B /* icon_back.png */,
				047AA8961E72CB4E0035C06B /* icon_speaker.png */,
				047AA8991E72CB4E0035C06B /* icon_true.png */,
				047AA89B1E72CB4E0035C06B /* icon_yes_no.png */,
				047AA89C1E72CB4E0035C06B /* image_fake.jpg */,
			);
			path = icon;
			sourceTree = "<group>";
		};
		590E75B31AAD73EFF1CA7823 /* Frameworks */ = {
			isa = PBXGroup;
			children = (
				FFBEE96B3B580182B97A56D0 /* Pods_MapGame.framework */,
			);
			name = Frameworks;
			sourceTree = "<group>";
		};
		90F7D27C939165C05F50BC1D /* Pods */ = {
			isa = PBXGroup;
			children = (
				B3EA5ABC58AFA2AF3656D12E /* Pods-MapGame.debug.xcconfig */,
				76588B8CB5427B02E6C47F57 /* Pods-MapGame.release.xcconfig */,
			);
			name = Pods;
			sourceTree = "<group>";
		};
		ADDAC3471E6B33BA003DA29B = {
			isa = PBXGroup;
			children = (
				ADDAC3521E6B33BB003DA29B /* MapGame */,
				ADDAC3671E6B33BB003DA29B /* MapGameTests */,
				ADDAC3721E6B33BB003DA29B /* MapGameUITests */,
				ADDAC3511E6B33BB003DA29B /* Products */,
				90F7D27C939165C05F50BC1D /* Pods */,
				590E75B31AAD73EFF1CA7823 /* Frameworks */,
			);
			sourceTree = "<group>";
		};
		ADDAC3511E6B33BB003DA29B /* Products */ = {
			isa = PBXGroup;
			children = (
				ADDAC3501E6B33BB003DA29B /* MapGame.app */,
				ADDAC3641E6B33BB003DA29B /* MapGameTests.xctest */,
				ADDAC36F1E6B33BB003DA29B /* MapGameUITests.xctest */,
			);
			name = Products;
			sourceTree = "<group>";
		};
		ADDAC3521E6B33BB003DA29B /* MapGame */ = {
			isa = PBXGroup;
			children = (
				0461E46D1E71B0F500A5A026 /* Database */,
				0461E46B1E71B0B700A5A026 /* Domain */,
				0461E46A1E71B0AC00A5A026 /* Common */,
				0461E4691E71B09D00A5A026 /* Views */,
				0461E4681E71B09100A5A026 /* Files */,
				ADDAC3531E6B33BB003DA29B /* AppDelegate.swift */,
				ADDAC3571E6B33BB003DA29B /* Main.storyboard */,
				ADDAC35A1E6B33BB003DA29B /* Assets.xcassets */,
				ADDAC35C1E6B33BB003DA29B /* LaunchScreen.storyboard */,
				ADDAC35F1E6B33BB003DA29B /* Info.plist */,
				AD7D80C91E6C105300255C42 /* co.jpg */,
				AD8536561E6D04DB00D8FD7E /* CustomCollectionViewCell.swift */,
				AD8536581E6D08D200D8FD7E /* rock.png */,
				04777DAB1E73183E006E481C /* tessdata */,
				AD85365A1E6D099700D8FD7E /* question-mark.png */,
				04777DAF1E7323DB006E481C /* MapGame-Bridging-Header.h */,
			);
			path = MapGame;
			sourceTree = "<group>";
		};
		ADDAC3671E6B33BB003DA29B /* MapGameTests */ = {
			isa = PBXGroup;
			children = (
				ADDAC3681E6B33BB003DA29B /* MapGameTests.swift */,
				ADDAC36A1E6B33BB003DA29B /* Info.plist */,
			);
			path = MapGameTests;
			sourceTree = "<group>";
		};
		ADDAC3721E6B33BB003DA29B /* MapGameUITests */ = {
			isa = PBXGroup;
			children = (
				ADDAC3731E6B33BB003DA29B /* MapGameUITests.swift */,
				ADDAC3751E6B33BB003DA29B /* Info.plist */,
			);
			path = MapGameUITests;
			sourceTree = "<group>";
		};
/* End PBXGroup section */

/* Begin PBXNativeTarget section */
		ADDAC34F1E6B33BA003DA29B /* MapGame */ = {
			isa = PBXNativeTarget;
			buildConfigurationList = ADDAC3781E6B33BB003DA29B /* Build configuration list for PBXNativeTarget "MapGame" */;
			buildPhases = (
				056392E085F4DD341494B9FC /* [CP] Check Pods Manifest.lock */,
				ADDAC34C1E6B33BA003DA29B /* Sources */,
				ADDAC34D1E6B33BA003DA29B /* Frameworks */,
				ADDAC34E1E6B33BA003DA29B /* Resources */,
				E4807540B17D4998075A6532 /* [CP] Embed Pods Frameworks */,
				A8532D65BBBDCB5C0BAA6E5D /* [CP] Copy Pods Resources */,
			);
			buildRules = (
			);
			dependencies = (
			);
			name = MapGame;
			productName = MapGame;
			productReference = ADDAC3501E6B33BB003DA29B /* MapGame.app */;
			productType = "com.apple.product-type.application";
		};
		ADDAC3631E6B33BB003DA29B /* MapGameTests */ = {
			isa = PBXNativeTarget;
			buildConfigurationList = ADDAC37B1E6B33BB003DA29B /* Build configuration list for PBXNativeTarget "MapGameTests" */;
			buildPhases = (
				ADDAC3601E6B33BB003DA29B /* Sources */,
				ADDAC3611E6B33BB003DA29B /* Frameworks */,
				ADDAC3621E6B33BB003DA29B /* Resources */,
			);
			buildRules = (
			);
			dependencies = (
				ADDAC3661E6B33BB003DA29B /* PBXTargetDependency */,
			);
			name = MapGameTests;
			productName = MapGameTests;
			productReference = ADDAC3641E6B33BB003DA29B /* MapGameTests.xctest */;
			productType = "com.apple.product-type.bundle.unit-test";
		};
		ADDAC36E1E6B33BB003DA29B /* MapGameUITests */ = {
			isa = PBXNativeTarget;
			buildConfigurationList = ADDAC37E1E6B33BB003DA29B /* Build configuration list for PBXNativeTarget "MapGameUITests" */;
			buildPhases = (
				ADDAC36B1E6B33BB003DA29B /* Sources */,
				ADDAC36C1E6B33BB003DA29B /* Frameworks */,
				ADDAC36D1E6B33BB003DA29B /* Resources */,
			);
			buildRules = (
			);
			dependencies = (
				ADDAC3711E6B33BB003DA29B /* PBXTargetDependency */,
			);
			name = MapGameUITests;
			productName = MapGameUITests;
			productReference = ADDAC36F1E6B33BB003DA29B /* MapGameUITests.xctest */;
			productType = "com.apple.product-type.bundle.ui-testing";
		};
/* End PBXNativeTarget section */

/* Begin PBXProject section */
		ADDAC3481E6B33BA003DA29B /* Project object */ = {
			isa = PBXProject;
			attributes = {
				LastSwiftUpdateCheck = 0820;
				LastUpgradeCheck = 0820;
				ORGANIZATIONNAME = TranAn;
				TargetAttributes = {
					ADDAC34F1E6B33BA003DA29B = {
						CreatedOnToolsVersion = 8.2.1;
						DevelopmentTeam = MN2Q6N2HN8;
						LastSwiftMigration = 0820;
						ProvisioningStyle = Automatic;
					};
					ADDAC3631E6B33BB003DA29B = {
						CreatedOnToolsVersion = 8.2.1;
						DevelopmentTeam = 63WQ52A53D;
						ProvisioningStyle = Automatic;
						TestTargetID = ADDAC34F1E6B33BA003DA29B;
					};
					ADDAC36E1E6B33BB003DA29B = {
						CreatedOnToolsVersion = 8.2.1;
						DevelopmentTeam = MN2Q6N2HN8;
						ProvisioningStyle = Automatic;
						TestTargetID = ADDAC34F1E6B33BA003DA29B;
					};
				};
			};
			buildConfigurationList = ADDAC34B1E6B33BA003DA29B /* Build configuration list for PBXProject "MapGame" */;
			compatibilityVersion = "Xcode 3.2";
			developmentRegion = English;
			hasScannedForEncodings = 0;
			knownRegions = (
				en,
				Base,
			);
			mainGroup = ADDAC3471E6B33BA003DA29B;
			productRefGroup = ADDAC3511E6B33BB003DA29B /* Products */;
			projectDirPath = "";
			projectRoot = "";
			targets = (
				ADDAC34F1E6B33BA003DA29B /* MapGame */,
				ADDAC3631E6B33BB003DA29B /* MapGameTests */,
				ADDAC36E1E6B33BB003DA29B /* MapGameUITests */,
			);
		};
/* End PBXProject section */

/* Begin PBXResourcesBuildPhase section */
		ADDAC34E1E6B33BA003DA29B /* Resources */ = {
			isa = PBXResourcesBuildPhase;
			buildActionMask = 2147483647;
			files = (
				04777DBC1E733C64006E481C /* Candy_Pop!-demo-font.ttf in Resources */,
				047AA8C51E72E27C0035C06B /* icon_truefalse_image.png in Resources */,
				ADDAC35E1E6B33BB003DA29B /* LaunchScreen.storyboard in Resources */,
				0461E4B41E71B2B600A5A026 /* .gitignore in Resources */,
				0461E4C31E71B2B600A5A026 /* Info.plist in Resources */,
				047AA8D11E72EA460035C06B /* icon_camera.png in Resources */,
				047AA8AF1E72CB4E0035C06B /* icon_yes_no.png in Resources */,
				047AA8A11E72CB4E0035C06B /* icon_chosse_image.png in Resources */,
				0461E4B51E71B2B600A5A026 /* LICENSE in Resources */,
				AD8536591E6D08D200D8FD7E /* rock.png in Resources */,
				04777DAA1E72F566006E481C /* icon_treasure.png in Resources */,
				047AA8A01E72CB4E0035C06B /* icon_chosse.png in Resources */,
				047AA89F1E72CB4E0035C06B /* icon_camera.ico in Resources */,
				047AA8DD1E72EE8B0035C06B /* icon_profile.png in Resources */,
				047AA8C91E72E6E90035C06B /* icon_back.png in Resources */,
				047AA8A51E72CB4E0035C06B /* icon_flashcard.png in Resources */,
				047AA8B01E72CB4E0035C06B /* image_fake.jpg in Resources */,
				047AA8A21E72CB4E0035C06B /* icon_chosse_text.png in Resources */,
				047AA8D61E72EC6C0035C06B /* icon_speak.png in Resources */,
				047AA8A41E72CB4E0035C06B /* icon_false.png in Resources */,
				047AA8D91E72ED4C0035C06B /* icon_next.png in Resources */,
				047AA8C31E72DF960035C06B /* icon_game_write.png in Resources */,
				AD85365B1E6D099700D8FD7E /* question-mark.png in Resources */,
				047AA8AA1E72CB4E0035C06B /* icon_speaker.png in Resources */,
				047AA8CF1E72E96A0035C06B /* icon_close.png in Resources */,
				ADDAC35B1E6B33BB003DA29B /* Assets.xcassets in Resources */,
				04777DA81E72F25F006E481C /* icon_video.png in Resources */,
				ADDAC3591E6B33BB003DA29B /* Main.storyboard in Resources */,
				AD7D80CA1E6C105300255C42 /* co.jpg in Resources */,
				047AA8DF1E72EF610035C06B /* icon_texxt_to_speak.png in Resources */,
				04777DAC1E73183E006E481C /* tessdata in Resources */,
				047AA8AD1E72CB4E0035C06B /* icon_true.png in Resources */,
				047AA8B31E72CB800035C06B /* icon_home.png in Resources */,
				04777DB71E73324A006E481C /* background_navigation.png in Resources */,
				047AA89E1E72CB4E0035C06B /* background.jpg in Resources */,
				04777DA71E72F25F006E481C /* icon_game.png in Resources */,
				047AA8DB1E72EE650035C06B /* icon_edit_profile.png in Resources */,
				0461E4C61E71B2B600A5A026 /* LoadingView.xib in Resources */,
			);
			runOnlyForDeploymentPostprocessing = 0;
		};
		ADDAC3621E6B33BB003DA29B /* Resources */ = {
			isa = PBXResourcesBuildPhase;
			buildActionMask = 2147483647;
			files = (
			);
			runOnlyForDeploymentPostprocessing = 0;
		};
		ADDAC36D1E6B33BB003DA29B /* Resources */ = {
			isa = PBXResourcesBuildPhase;
			buildActionMask = 2147483647;
			files = (
			);
			runOnlyForDeploymentPostprocessing = 0;
		};
/* End PBXResourcesBuildPhase section */

/* Begin PBXShellScriptBuildPhase section */
		056392E085F4DD341494B9FC /* [CP] Check Pods Manifest.lock */ = {
			isa = PBXShellScriptBuildPhase;
			buildActionMask = 2147483647;
			files = (
			);
			inputPaths = (
			);
			name = "[CP] Check Pods Manifest.lock";
			outputPaths = (
			);
			runOnlyForDeploymentPostprocessing = 0;
			shellPath = /bin/sh;
			shellScript = "diff \"${PODS_ROOT}/../Podfile.lock\" \"${PODS_ROOT}/Manifest.lock\" > /dev/null\nif [ $? != 0 ] ; then\n    # print error to STDERR\n    echo \"error: The sandbox is not in sync with the Podfile.lock. Run 'pod install' or update your CocoaPods installation.\" >&2\n    exit 1\nfi\n";
			showEnvVarsInLog = 0;
		};
		A8532D65BBBDCB5C0BAA6E5D /* [CP] Copy Pods Resources */ = {
			isa = PBXShellScriptBuildPhase;
			buildActionMask = 2147483647;
			files = (
			);
			inputPaths = (
			);
			name = "[CP] Copy Pods Resources";
			outputPaths = (
			);
			runOnlyForDeploymentPostprocessing = 0;
			shellPath = /bin/sh;
			shellScript = "\"${SRCROOT}/Pods/Target Support Files/Pods-MapGame/Pods-MapGame-resources.sh\"\n";
			showEnvVarsInLog = 0;
		};
		E4807540B17D4998075A6532 /* [CP] Embed Pods Frameworks */ = {
			isa = PBXShellScriptBuildPhase;
			buildActionMask = 2147483647;
			files = (
			);
			inputPaths = (
			);
			name = "[CP] Embed Pods Frameworks";
			outputPaths = (
			);
			runOnlyForDeploymentPostprocessing = 0;
			shellPath = /bin/sh;
			shellScript = "\"${SRCROOT}/Pods/Target Support Files/Pods-MapGame/Pods-MapGame-frameworks.sh\"\n";
			showEnvVarsInLog = 0;
		};
/* End PBXShellScriptBuildPhase section */

/* Begin PBXSourcesBuildPhase section */
		ADDAC34C1E6B33BA003DA29B /* Sources */ = {
			isa = PBXSourcesBuildPhase;
			buildActionMask = 2147483647;
			files = (
				0461E4CB1E71B2B600A5A026 /* SpringButton.swift in Sources */,
				0461E4C81E71B2B600A5A026 /* SoundPlayer.swift in Sources */,
				04777DAE1E732140006E481C /* WriteWordsViewController.swift in Sources */,
				0461E4CF1E71B2B600A5A026 /* SpringTextView.swift in Sources */,
				0461E4BF1E71B2B600A5A026 /* DesignableTextField.swift in Sources */,
				0461E4C01E71B2B600A5A026 /* DesignableTextView.swift in Sources */,
				047AA8BF1E72D2F70035C06B /* ProfileViewController.swift in Sources */,
				047AA8B71E72CF8B0035C06B /* GameWriteViewController.swift in Sources */,
				04777DB51E732439006E481C /* DAScratchPadView.m in Sources */,
				0461E4D21E71B2B600A5A026 /* TransitionZoom.swift in Sources */,
				0461E4CE1E71B2B600A5A026 /* SpringTextField.swift in Sources */,
				0461E4F21E71B98700A5A026 /* ShowPopupViewController.swift in Sources */,
				0461E4BC1E71B2B600A5A026 /* DesignableImageView.swift in Sources */,
				ADDAC3561E6B33BB003DA29B /* ViewController.swift in Sources */,
				0461E47B1E71B17A00A5A026 /* TrueFalseViewController.swift in Sources */,
				0461E47A1E71B17A00A5A026 /* ClickButton.swift in Sources */,
				0461E4771E71B17A00A5A026 /* CaemraViewController.swift in Sources */,
				047AA8BB1E72D0A90035C06B /* BaseViewController.swift in Sources */,
				0461E4C11E71B2B600A5A026 /* DesignableView.swift in Sources */,
				0461E4C71E71B2B600A5A026 /* Misc.swift in Sources */,
				0461E4B81E71B2B600A5A026 /* AsyncImageView.swift in Sources */,
				0461E4BE1E71B2B600A5A026 /* DesignableTabBarController.swift in Sources */,
				0461E4B91E71B2B600A5A026 /* AutoTextView.swift in Sources */,
				0461E4D31E71B2B600A5A026 /* UnwindSegue.swift in Sources */,
				0461E4D01E71B2B600A5A026 /* SpringView.swift in Sources */,
				0461E4CD1E71B2B600A5A026 /* SpringLabel.swift in Sources */,
				0461E4F01E71B34400A5A026 /* ViewAnswer.swift in Sources */,
				AD8536571E6D04DB00D8FD7E /* CustomCollectionViewCell.swift in Sources */,
				0461E4C41E71B2B600A5A026 /* KeyboardLayoutConstraint.swift in Sources */,
				0461E4B71E71B2B600A5A026 /* AsyncButton.swift in Sources */,
				0461E4C21E71B2B600A5A026 /* ImageLoader.swift in Sources */,
				0461E4C91E71B2B600A5A026 /* Spring.swift in Sources */,
				0461E4D11E71B2B600A5A026 /* TransitionManager.swift in Sources */,
				0461E4BB1E71B2B600A5A026 /* DesignableButton.swift in Sources */,
				0461E4BA1E71B2B600A5A026 /* BlurView.swift in Sources */,
				0461E4B61E71B2B600A5A026 /* README.md in Sources */,
				047AA8BD1E72D2590035C06B /* CameraSpeakViewController.swift in Sources */,
				0461E4BD1E71B2B600A5A026 /* DesignableLabel.swift in Sources */,
				0461E4CA1E71B2B600A5A026 /* SpringAnimation.swift in Sources */,
				047AA8C11E72D31E0035C06B /* ThemeVideoViewController.swift in Sources */,
				047AA8601E72CAF40035C06B /* HomeViewController.swift in Sources */,
				ADDAC3541E6B33BB003DA29B /* AppDelegate.swift in Sources */,
				0461E4C51E71B2B600A5A026 /* LoadingView.swift in Sources */,
				0461E4EE1E71B31600A5A026 /* ViewCharacter.swift in Sources */,
				0461E4CC1E71B2B600A5A026 /* SpringImageView.swift in Sources */,
			);
			runOnlyForDeploymentPostprocessing = 0;
		};
		ADDAC3601E6B33BB003DA29B /* Sources */ = {
			isa = PBXSourcesBuildPhase;
			buildActionMask = 2147483647;
			files = (
				ADDAC3691E6B33BB003DA29B /* MapGameTests.swift in Sources */,
			);
			runOnlyForDeploymentPostprocessing = 0;
		};
		ADDAC36B1E6B33BB003DA29B /* Sources */ = {
			isa = PBXSourcesBuildPhase;
			buildActionMask = 2147483647;
			files = (
				ADDAC3741E6B33BB003DA29B /* MapGameUITests.swift in Sources */,
			);
			runOnlyForDeploymentPostprocessing = 0;
		};
/* End PBXSourcesBuildPhase section */

/* Begin PBXTargetDependency section */
		ADDAC3661E6B33BB003DA29B /* PBXTargetDependency */ = {
			isa = PBXTargetDependency;
			target = ADDAC34F1E6B33BA003DA29B /* MapGame */;
			targetProxy = ADDAC3651E6B33BB003DA29B /* PBXContainerItemProxy */;
		};
		ADDAC3711E6B33BB003DA29B /* PBXTargetDependency */ = {
			isa = PBXTargetDependency;
			target = ADDAC34F1E6B33BA003DA29B /* MapGame */;
			targetProxy = ADDAC3701E6B33BB003DA29B /* PBXContainerItemProxy */;
		};
/* End PBXTargetDependency section */

/* Begin PBXVariantGroup section */
		ADDAC3571E6B33BB003DA29B /* Main.storyboard */ = {
			isa = PBXVariantGroup;
			children = (
				ADDAC3581E6B33BB003DA29B /* Base */,
			);
			name = Main.storyboard;
			sourceTree = "<group>";
		};
		ADDAC35C1E6B33BB003DA29B /* LaunchScreen.storyboard */ = {
			isa = PBXVariantGroup;
			children = (
				ADDAC35D1E6B33BB003DA29B /* Base */,
			);
			name = LaunchScreen.storyboard;
			sourceTree = "<group>";
		};
/* End PBXVariantGroup section */

/* Begin XCBuildConfiguration section */
		ADDAC3761E6B33BB003DA29B /* Debug */ = {
			isa = XCBuildConfiguration;
			buildSettings = {
				ALWAYS_SEARCH_USER_PATHS = NO;
				CLANG_ANALYZER_NONNULL = YES;
				CLANG_CXX_LANGUAGE_STANDARD = "gnu++0x";
				CLANG_CXX_LIBRARY = "libc++";
				CLANG_ENABLE_MODULES = YES;
				CLANG_ENABLE_OBJC_ARC = YES;
				CLANG_WARN_BOOL_CONVERSION = YES;
				CLANG_WARN_CONSTANT_CONVERSION = YES;
				CLANG_WARN_DIRECT_OBJC_ISA_USAGE = YES_ERROR;
				CLANG_WARN_DOCUMENTATION_COMMENTS = YES;
				CLANG_WARN_EMPTY_BODY = YES;
				CLANG_WARN_ENUM_CONVERSION = YES;
				CLANG_WARN_INFINITE_RECURSION = YES;
				CLANG_WARN_INT_CONVERSION = YES;
				CLANG_WARN_OBJC_ROOT_CLASS = YES_ERROR;
				CLANG_WARN_SUSPICIOUS_MOVE = YES;
				CLANG_WARN_UNREACHABLE_CODE = YES;
				CLANG_WARN__DUPLICATE_METHOD_MATCH = YES;
				"CODE_SIGN_IDENTITY[sdk=iphoneos*]" = "iPhone Developer";
				COPY_PHASE_STRIP = NO;
				DEBUG_INFORMATION_FORMAT = dwarf;
				ENABLE_STRICT_OBJC_MSGSEND = YES;
				ENABLE_TESTABILITY = YES;
				GCC_C_LANGUAGE_STANDARD = gnu99;
				GCC_DYNAMIC_NO_PIC = NO;
				GCC_NO_COMMON_BLOCKS = YES;
				GCC_OPTIMIZATION_LEVEL = 0;
				GCC_PREPROCESSOR_DEFINITIONS = (
					"DEBUG=1",
					"$(inherited)",
				);
				GCC_WARN_64_TO_32_BIT_CONVERSION = YES;
				GCC_WARN_ABOUT_RETURN_TYPE = YES_ERROR;
				GCC_WARN_UNDECLARED_SELECTOR = YES;
				GCC_WARN_UNINITIALIZED_AUTOS = YES_AGGRESSIVE;
				GCC_WARN_UNUSED_FUNCTION = YES;
				GCC_WARN_UNUSED_VARIABLE = YES;
				IPHONEOS_DEPLOYMENT_TARGET = 10.2;
				MTL_ENABLE_DEBUG_INFO = YES;
				ONLY_ACTIVE_ARCH = YES;
				SDKROOT = iphoneos;
				SWIFT_ACTIVE_COMPILATION_CONDITIONS = DEBUG;
				SWIFT_OPTIMIZATION_LEVEL = "-Onone";
				TARGETED_DEVICE_FAMILY = "1,2";
			};
			name = Debug;
		};
		ADDAC3771E6B33BB003DA29B /* Release */ = {
			isa = XCBuildConfiguration;
			buildSettings = {
				ALWAYS_SEARCH_USER_PATHS = NO;
				CLANG_ANALYZER_NONNULL = YES;
				CLANG_CXX_LANGUAGE_STANDARD = "gnu++0x";
				CLANG_CXX_LIBRARY = "libc++";
				CLANG_ENABLE_MODULES = YES;
				CLANG_ENABLE_OBJC_ARC = YES;
				CLANG_WARN_BOOL_CONVERSION = YES;
				CLANG_WARN_CONSTANT_CONVERSION = YES;
				CLANG_WARN_DIRECT_OBJC_ISA_USAGE = YES_ERROR;
				CLANG_WARN_DOCUMENTATION_COMMENTS = YES;
				CLANG_WARN_EMPTY_BODY = YES;
				CLANG_WARN_ENUM_CONVERSION = YES;
				CLANG_WARN_INFINITE_RECURSION = YES;
				CLANG_WARN_INT_CONVERSION = YES;
				CLANG_WARN_OBJC_ROOT_CLASS = YES_ERROR;
				CLANG_WARN_SUSPICIOUS_MOVE = YES;
				CLANG_WARN_UNREACHABLE_CODE = YES;
				CLANG_WARN__DUPLICATE_METHOD_MATCH = YES;
				"CODE_SIGN_IDENTITY[sdk=iphoneos*]" = "iPhone Developer";
				COPY_PHASE_STRIP = NO;
				DEBUG_INFORMATION_FORMAT = "dwarf-with-dsym";
				ENABLE_NS_ASSERTIONS = NO;
				ENABLE_STRICT_OBJC_MSGSEND = YES;
				GCC_C_LANGUAGE_STANDARD = gnu99;
				GCC_NO_COMMON_BLOCKS = YES;
				GCC_WARN_64_TO_32_BIT_CONVERSION = YES;
				GCC_WARN_ABOUT_RETURN_TYPE = YES_ERROR;
				GCC_WARN_UNDECLARED_SELECTOR = YES;
				GCC_WARN_UNINITIALIZED_AUTOS = YES_AGGRESSIVE;
				GCC_WARN_UNUSED_FUNCTION = YES;
				GCC_WARN_UNUSED_VARIABLE = YES;
				IPHONEOS_DEPLOYMENT_TARGET = 10.2;
				MTL_ENABLE_DEBUG_INFO = NO;
				SDKROOT = iphoneos;
				SWIFT_OPTIMIZATION_LEVEL = "-Owholemodule";
				TARGETED_DEVICE_FAMILY = "1,2";
				VALIDATE_PRODUCT = YES;
			};
			name = Release;
		};
		ADDAC3791E6B33BB003DA29B /* Debug */ = {
			isa = XCBuildConfiguration;
			baseConfigurationReference = B3EA5ABC58AFA2AF3656D12E /* Pods-MapGame.debug.xcconfig */;
			buildSettings = {
				ASSETCATALOG_COMPILER_APPICON_NAME = AppIcon;
				CLANG_ENABLE_MODULES = YES;
				DEVELOPMENT_TEAM = MN2Q6N2HN8;
				INFOPLIST_FILE = MapGame/Info.plist;
				IPHONEOS_DEPLOYMENT_TARGET = 9.0;
				LD_RUNPATH_SEARCH_PATHS = "$(inherited) @executable_path/Frameworks";
				PRODUCT_BUNDLE_IDENTIFIER = com.MapGame;
				PRODUCT_NAME = "$(TARGET_NAME)";
				SWIFT_OBJC_BRIDGING_HEADER = "MapGame/MapGame-Bridging-Header.h";
				SWIFT_OPTIMIZATION_LEVEL = "-Onone";
				SWIFT_VERSION = 3.0;
			};
			name = Debug;
		};
		ADDAC37A1E6B33BB003DA29B /* Release */ = {
			isa = XCBuildConfiguration;
			baseConfigurationReference = 76588B8CB5427B02E6C47F57 /* Pods-MapGame.release.xcconfig */;
			buildSettings = {
				ASSETCATALOG_COMPILER_APPICON_NAME = AppIcon;
				CLANG_ENABLE_MODULES = YES;
				DEVELOPMENT_TEAM = MN2Q6N2HN8;
				INFOPLIST_FILE = MapGame/Info.plist;
				IPHONEOS_DEPLOYMENT_TARGET = 9.0;
				LD_RUNPATH_SEARCH_PATHS = "$(inherited) @executable_path/Frameworks";
				PRODUCT_BUNDLE_IDENTIFIER = com.MapGame;
				PRODUCT_NAME = "$(TARGET_NAME)";
				SWIFT_OBJC_BRIDGING_HEADER = "MapGame/MapGame-Bridging-Header.h";
				SWIFT_VERSION = 3.0;
			};
			name = Release;
		};
		ADDAC37C1E6B33BB003DA29B /* Debug */ = {
			isa = XCBuildConfiguration;
			buildSettings = {
				ALWAYS_EMBED_SWIFT_STANDARD_LIBRARIES = YES;
				BUNDLE_LOADER = "$(TEST_HOST)";
				DEVELOPMENT_TEAM = 63WQ52A53D;
				INFOPLIST_FILE = MapGameTests/Info.plist;
				LD_RUNPATH_SEARCH_PATHS = "$(inherited) @executable_path/Frameworks @loader_path/Frameworks";
				PRODUCT_BUNDLE_IDENTIFIER = com.MapGameTests;
				PRODUCT_NAME = "$(TARGET_NAME)";
				SWIFT_VERSION = 3.0;
				TEST_HOST = "$(BUILT_PRODUCTS_DIR)/MapGame.app/MapGame";
			};
			name = Debug;
		};
		ADDAC37D1E6B33BB003DA29B /* Release */ = {
			isa = XCBuildConfiguration;
			buildSettings = {
				ALWAYS_EMBED_SWIFT_STANDARD_LIBRARIES = YES;
				BUNDLE_LOADER = "$(TEST_HOST)";
				DEVELOPMENT_TEAM = 63WQ52A53D;
				INFOPLIST_FILE = MapGameTests/Info.plist;
				LD_RUNPATH_SEARCH_PATHS = "$(inherited) @executable_path/Frameworks @loader_path/Frameworks";
				PRODUCT_BUNDLE_IDENTIFIER = com.MapGameTests;
				PRODUCT_NAME = "$(TARGET_NAME)";
				SWIFT_VERSION = 3.0;
				TEST_HOST = "$(BUILT_PRODUCTS_DIR)/MapGame.app/MapGame";
			};
			name = Release;
		};
		ADDAC37F1E6B33BB003DA29B /* Debug */ = {
			isa = XCBuildConfiguration;
			buildSettings = {
				ALWAYS_EMBED_SWIFT_STANDARD_LIBRARIES = YES;
				DEVELOPMENT_TEAM = MN2Q6N2HN8;
				INFOPLIST_FILE = MapGameUITests/Info.plist;
				LD_RUNPATH_SEARCH_PATHS = "$(inherited) @executable_path/Frameworks @loader_path/Frameworks";
				PRODUCT_BUNDLE_IDENTIFIER = com.MapGameUITests;
				PRODUCT_NAME = "$(TARGET_NAME)";
				SWIFT_VERSION = 3.0;
				TEST_TARGET_NAME = MapGame;
			};
			name = Debug;
		};
		ADDAC3801E6B33BB003DA29B /* Release */ = {
			isa = XCBuildConfiguration;
			buildSettings = {
				ALWAYS_EMBED_SWIFT_STANDARD_LIBRARIES = YES;
				DEVELOPMENT_TEAM = MN2Q6N2HN8;
				INFOPLIST_FILE = MapGameUITests/Info.plist;
				LD_RUNPATH_SEARCH_PATHS = "$(inherited) @executable_path/Frameworks @loader_path/Frameworks";
				PRODUCT_BUNDLE_IDENTIFIER = com.MapGameUITests;
				PRODUCT_NAME = "$(TARGET_NAME)";
				SWIFT_VERSION = 3.0;
				TEST_TARGET_NAME = MapGame;
			};
			name = Release;
		};
/* End XCBuildConfiguration section */

/* Begin XCConfigurationList section */
		ADDAC34B1E6B33BA003DA29B /* Build configuration list for PBXProject "MapGame" */ = {
			isa = XCConfigurationList;
			buildConfigurations = (
				ADDAC3761E6B33BB003DA29B /* Debug */,
				ADDAC3771E6B33BB003DA29B /* Release */,
			);
			defaultConfigurationIsVisible = 0;
			defaultConfigurationName = Release;
		};
		ADDAC3781E6B33BB003DA29B /* Build configuration list for PBXNativeTarget "MapGame" */ = {
			isa = XCConfigurationList;
			buildConfigurations = (
				ADDAC3791E6B33BB003DA29B /* Debug */,
				ADDAC37A1E6B33BB003DA29B /* Release */,
			);
			defaultConfigurationIsVisible = 0;
			defaultConfigurationName = Release;
		};
		ADDAC37B1E6B33BB003DA29B /* Build configuration list for PBXNativeTarget "MapGameTests" */ = {
			isa = XCConfigurationList;
			buildConfigurations = (
				ADDAC37C1E6B33BB003DA29B /* Debug */,
				ADDAC37D1E6B33BB003DA29B /* Release */,
			);
			defaultConfigurationIsVisible = 0;
			defaultConfigurationName = Release;
		};
		ADDAC37E1E6B33BB003DA29B /* Build configuration list for PBXNativeTarget "MapGameUITests" */ = {
			isa = XCConfigurationList;
			buildConfigurations = (
				ADDAC37F1E6B33BB003DA29B /* Debug */,
				ADDAC3801E6B33BB003DA29B /* Release */,
			);
			defaultConfigurationIsVisible = 0;
			defaultConfigurationName = Release;
		};
/* End XCConfigurationList section */
	};
	rootObject = ADDAC3481E6B33BA003DA29B /* Project object */;
}
